
Microsoft Visual Studio Solution File, Format Version 12.00
# Visual Studio Version 17
VisualStudioVersion = 17.9.34701.34
MinimumVisualStudioVersion = 10.0.40219.1
Project("{9A19103F-16F7-4668-BE54-9A1E7A4F7556}") = "Qurigo.App", "Qurigo.App\Qurigo.App.csproj", "{087C8A2D-22C4-4C58-988E-144F493CE3B0}"
EndProject
Project("{9A19103F-16F7-4668-BE54-9A1E7A4F7556}") = "Qurigo.Interfaces", "Qurigo.Interfaces\Qurigo.Interfaces.csproj", "{803FFD30-6CFB-4DDB-A3FD-A3CA89FCA483}"
EndProject
Project("{9A19103F-16F7-4668-BE54-9A1E7A4F7556}") = "Qurigo.State.DensityMatrix", "Qurigo.State.DensityMatrix\Qurigo.State.DensityMatrix.csproj", "{08CBCFB0-F160-4E5B-B081-1EA48AF3154A}"
EndProject
Project("{9A19103F-16F7-4668-BE54-9A1E7A4F7556}") = "Qurigo.State.VectorState", "Qurigo.State.VectorState\Qurigo.State.VectorState.csproj", "{0252B66E-BBAF-4C1D-9673-F0101189959B}"
EndProject
Project("{9A19103F-16F7-4668-BE54-9A1E7A4F7556}") = "Qurigo.Circuit.BaseCircuit", "Qurigo.Circuit.BaseCircuit\Qurigo.Circuit.BaseCircuit.csproj", "{FC8029FC-3470-40C2-9348-67219942E511}"
EndProject
Project("{9A19103F-16F7-4668-BE54-9A1E7A4F7556}") = "Qurigo.InstructionSet.HTCNOT", "Qurigo.InstructionSet.HTCNOT\Qurigo.InstructionSet.HTCNOT.csproj", "{D8BA3017-186A-4049-BF06-625E4C07EEF4}"
EndProject
Project("{9A19103F-16F7-4668-BE54-9A1E7A4F7556}") = "Qurigo.UnitTests", "Qurigo.UnitTests\Qurigo.UnitTests.csproj", "{16F32CE5-6E27-4D30-881F-37876D5B4CE9}"
EndProject
Project("{FAE04EC0-301F-11D3-BF4B-00C04F79EFBC}") = "Qurigo.Api", "Qurigo.Api\Qurigo.Api.csproj", "{B521BFA9-DE88-42CE-BF07-700CB1474D03}"
EndProject
Project("{FAE04EC0-301F-11D3-BF4B-00C04F79EFBC}") = "Qurigo.Factorization", "Qurigo.Factorization\Qurigo.Factorization.csproj", "{9442D8B6-47D1-498E-B700-D11D625D0CD7}"
EndProject
Global
	GlobalSection(SolutionConfigurationPlatforms) = preSolution
		Debug|Any CPU = Debug|Any CPU
		Release|Any CPU = Release|Any CPU
	EndGlobalSection
	GlobalSection(ProjectConfigurationPlatforms) = postSolution
		{087C8A2D-22C4-4C58-988E-144F493CE3B0}.Debug|Any CPU.ActiveCfg = Debug|Any CPU
		{087C8A2D-22C4-4C58-988E-144F493CE3B0}.Debug|Any CPU.Build.0 = Debug|Any CPU
		{087C8A2D-22C4-4C58-988E-144F493CE3B0}.Release|Any CPU.ActiveCfg = Release|Any CPU
		{087C8A2D-22C4-4C58-988E-144F493CE3B0}.Release|Any CPU.Build.0 = Release|Any CPU
		{803FFD30-6CFB-4DDB-A3FD-A3CA89FCA483}.Debug|Any CPU.ActiveCfg = Debug|Any CPU
		{803FFD30-6CFB-4DDB-A3FD-A3CA89FCA483}.Debug|Any CPU.Build.0 = Debug|Any CPU
		{803FFD30-6CFB-4DDB-A3FD-A3CA89FCA483}.Release|Any CPU.ActiveCfg = Release|Any CPU
		{803FFD30-6CFB-4DDB-A3FD-A3CA89FCA483}.Release|Any CPU.Build.0 = Release|Any CPU
		{08CBCFB0-F160-4E5B-B081-1EA48AF3154A}.Debug|Any CPU.ActiveCfg = Debug|Any CPU
		{08CBCFB0-F160-4E5B-B081-1EA48AF3154A}.Debug|Any CPU.Build.0 = Debug|Any CPU
		{08CBCFB0-F160-4E5B-B081-1EA48AF3154A}.Release|Any CPU.ActiveCfg = Release|Any CPU
		{08CBCFB0-F160-4E5B-B081-1EA48AF3154A}.Release|Any CPU.Build.0 = Release|Any CPU
		{0252B66E-BBAF-4C1D-9673-F0101189959B}.Debug|Any CPU.ActiveCfg = Debug|Any CPU
		{0252B66E-BBAF-4C1D-9673-F0101189959B}.Debug|Any CPU.Build.0 = Debug|Any CPU
		{0252B66E-BBAF-4C1D-9673-F0101189959B}.Release|Any CPU.ActiveCfg = Release|Any CPU
		{0252B66E-BBAF-4C1D-9673-F0101189959B}.Release|Any CPU.Build.0 = Release|Any CPU
		{FC8029FC-3470-40C2-9348-67219942E511}.Debug|Any CPU.ActiveCfg = Debug|Any CPU
		{FC8029FC-3470-40C2-9348-67219942E511}.Debug|Any CPU.Build.0 = Debug|Any CPU
		{FC8029FC-3470-40C2-9348-67219942E511}.Release|Any CPU.ActiveCfg = Release|Any CPU
		{FC8029FC-3470-40C2-9348-67219942E511}.Release|Any CPU.Build.0 = Release|Any CPU
		{D8BA3017-186A-4049-BF06-625E4C07EEF4}.Debug|Any CPU.ActiveCfg = Debug|Any CPU
		{D8BA3017-186A-4049-BF06-625E4C07EEF4}.Debug|Any CPU.Build.0 = Debug|Any CPU
		{D8BA3017-186A-4049-BF06-625E4C07EEF4}.Release|Any CPU.ActiveCfg = Release|Any CPU
		{D8BA3017-186A-4049-BF06-625E4C07EEF4}.Release|Any CPU.Build.0 = Release|Any CPU
		{16F32CE5-6E27-4D30-881F-37876D5B4CE9}.Debug|Any CPU.ActiveCfg = Debug|Any CPU
		{16F32CE5-6E27-4D30-881F-37876D5B4CE9}.Debug|Any CPU.Build.0 = Debug|Any CPU
		{16F32CE5-6E27-4D30-881F-37876D5B4CE9}.Release|Any CPU.ActiveCfg = Release|Any CPU
		{16F32CE5-6E27-4D30-881F-37876D5B4CE9}.Release|Any CPU.Build.0 = Release|Any CPU
		{B521BFA9-DE88-42CE-BF07-700CB1474D03}.Debug|Any CPU.ActiveCfg = Debug|Any CPU
		{B521BFA9-DE88-42CE-BF07-700CB1474D03}.Debug|Any CPU.Build.0 = Debug|Any CPU
		{B521BFA9-DE88-42CE-BF07-700CB1474D03}.Release|Any CPU.ActiveCfg = Release|Any CPU
		{B521BFA9-DE88-42CE-BF07-700CB1474D03}.Release|Any CPU.Build.0 = Release|Any CPU
		{9442D8B6-47D1-498E-B700-D11D625D0CD7}.Debug|Any CPU.ActiveCfg = Debug|Any CPU
		{9442D8B6-47D1-498E-B700-D11D625D0CD7}.Debug|Any CPU.Build.0 = Debug|Any CPU
		{9442D8B6-47D1-498E-B700-D11D625D0CD7}.Release|Any CPU.ActiveCfg = Release|Any CPU
		{9442D8B6-47D1-498E-B700-D11D625D0CD7}.Release|Any CPU.Build.0 = Release|Any CPU
	EndGlobalSection
	GlobalSection(SolutionProperties) = preSolution
		HideSolutionNode = FALSE
	EndGlobalSection
	GlobalSection(ExtensibilityGlobals) = postSolution
		SolutionGuid = {E2D3E9CA-87A3-4495-9B30-DAD4ACEF3437}
	EndGlobalSection
EndGlobal
