
Microsoft Visual Studio Solution File, Format Version 12.00
# Visual Studio Version 17
VisualStudioVersion = 17.9.34701.34
MinimumVisualStudioVersion = 10.0.40219.1
Project("{9A19103F-16F7-4668-BE54-9A1E7A4F7556}") = "Qurigo.App", "Qurigo.App\Qurigo.App.csproj", "{087C8A2D-22C4-4C58-988E-144F493CE3B0}"
EndProject
Project("{9A19103F-16F7-4668-BE54-9A1E7A4F7556}") = "Qurigo.Interfaces", "Qurigo.Interfaces\Qurigo.Interfaces.csproj", "{803FFD30-6CFB-4DDB-A3FD-A3CA89FCA483}"
EndProject
Project("{9A19103F-16F7-4668-BE54-9A1E7A4F7556}") = "Qurigo.UnitTests", "Qurigo.UnitTests\Qurigo.UnitTests.csproj", "{16F32CE5-6E27-4D30-881F-37876D5B4CE9}"
EndProject
Project("{FAE04EC0-301F-11D3-BF4B-00C04F79EFBC}") = "Qurigo.State", "Qurigo.State\Qurigo.State.csproj", "{A4FCD397-1D38-400A-BFF6-9D4B9A019123}"
EndProject
Project("{FAE04EC0-301F-11D3-BF4B-00C04F79EFBC}") = "Qurigo.InstructionSet", "Qurigo.InstructionSet\Qurigo.InstructionSet.csproj", "{7B057DAF-B7D3-4694-BAA1-610A0D80A58A}"
EndProject
Project("{FAE04EC0-301F-11D3-BF4B-00C04F79EFBC}") = "ShorsAlgorithm", "ShorsAlgorithm\ShorsAlgorithm.csproj", "{252C6810-9473-487A-BDC1-9CF56FEFC76E}"
EndProject
Project("{FAE04EC0-301F-11D3-BF4B-00C04F79EFBC}") = "Qurigo.Simulator", "Qurigo.Simulator\Qurigo.Simulator.csproj", "{AEEA5674-E804-4321-80B2-624BC8451D36}"
EndProject
Project("{FAE04EC0-301F-11D3-BF4B-00C04F79EFBC}") = "Qurigo.Circuit", "Qurigo.Circuit\Qurigo.Circuit.csproj", "{BB4C1411-9D50-492F-8551-40935CF78CEE}"
EndProject
Global
	GlobalSection(SolutionConfigurationPlatforms) = preSolution
		Debug|Any CPU = Debug|Any CPU
		Release|Any CPU = Release|Any CPU
	EndGlobalSection
	GlobalSection(ProjectConfigurationPlatforms) = postSolution
		{087C8A2D-22C4-4C58-988E-144F493CE3B0}.Debug|Any CPU.ActiveCfg = Debug|Any CPU
		{087C8A2D-22C4-4C58-988E-144F493CE3B0}.Debug|Any CPU.Build.0 = Debug|Any CPU
		{087C8A2D-22C4-4C58-988E-144F493CE3B0}.Release|Any CPU.ActiveCfg = Release|Any CPU
		{087C8A2D-22C4-4C58-988E-144F493CE3B0}.Release|Any CPU.Build.0 = Release|Any CPU
		{803FFD30-6CFB-4DDB-A3FD-A3CA89FCA483}.Debug|Any CPU.ActiveCfg = Debug|Any CPU
		{803FFD30-6CFB-4DDB-A3FD-A3CA89FCA483}.Debug|Any CPU.Build.0 = Debug|Any CPU
		{803FFD30-6CFB-4DDB-A3FD-A3CA89FCA483}.Release|Any CPU.ActiveCfg = Release|Any CPU
		{803FFD30-6CFB-4DDB-A3FD-A3CA89FCA483}.Release|Any CPU.Build.0 = Release|Any CPU
		{16F32CE5-6E27-4D30-881F-37876D5B4CE9}.Debug|Any CPU.ActiveCfg = Debug|Any CPU
		{16F32CE5-6E27-4D30-881F-37876D5B4CE9}.Debug|Any CPU.Build.0 = Debug|Any CPU
		{16F32CE5-6E27-4D30-881F-37876D5B4CE9}.Release|Any CPU.ActiveCfg = Release|Any CPU
		{16F32CE5-6E27-4D30-881F-37876D5B4CE9}.Release|Any CPU.Build.0 = Release|Any CPU
		{A4FCD397-1D38-400A-BFF6-9D4B9A019123}.Debug|Any CPU.ActiveCfg = Debug|Any CPU
		{A4FCD397-1D38-400A-BFF6-9D4B9A019123}.Debug|Any CPU.Build.0 = Debug|Any CPU
		{A4FCD397-1D38-400A-BFF6-9D4B9A019123}.Release|Any CPU.ActiveCfg = Release|Any CPU
		{A4FCD397-1D38-400A-BFF6-9D4B9A019123}.Release|Any CPU.Build.0 = Release|Any CPU
		{7B057DAF-B7D3-4694-BAA1-610A0D80A58A}.Debug|Any CPU.ActiveCfg = Debug|Any CPU
		{7B057DAF-B7D3-4694-BAA1-610A0D80A58A}.Debug|Any CPU.Build.0 = Debug|Any CPU
		{7B057DAF-B7D3-4694-BAA1-610A0D80A58A}.Release|Any CPU.ActiveCfg = Release|Any CPU
		{7B057DAF-B7D3-4694-BAA1-610A0D80A58A}.Release|Any CPU.Build.0 = Release|Any CPU
		{252C6810-9473-487A-BDC1-9CF56FEFC76E}.Debug|Any CPU.ActiveCfg = Debug|Any CPU
		{252C6810-9473-487A-BDC1-9CF56FEFC76E}.Debug|Any CPU.Build.0 = Debug|Any CPU
		{252C6810-9473-487A-BDC1-9CF56FEFC76E}.Release|Any CPU.ActiveCfg = Release|Any CPU
		{252C6810-9473-487A-BDC1-9CF56FEFC76E}.Release|Any CPU.Build.0 = Release|Any CPU
		{AEEA5674-E804-4321-80B2-624BC8451D36}.Debug|Any CPU.ActiveCfg = Debug|Any CPU
		{AEEA5674-E804-4321-80B2-624BC8451D36}.Debug|Any CPU.Build.0 = Debug|Any CPU
		{AEEA5674-E804-4321-80B2-624BC8451D36}.Release|Any CPU.ActiveCfg = Release|Any CPU
		{AEEA5674-E804-4321-80B2-624BC8451D36}.Release|Any CPU.Build.0 = Release|Any CPU
		{BB4C1411-9D50-492F-8551-40935CF78CEE}.Debug|Any CPU.ActiveCfg = Debug|Any CPU
		{BB4C1411-9D50-492F-8551-40935CF78CEE}.Debug|Any CPU.Build.0 = Debug|Any CPU
		{BB4C1411-9D50-492F-8551-40935CF78CEE}.Release|Any CPU.ActiveCfg = Release|Any CPU
		{BB4C1411-9D50-492F-8551-40935CF78CEE}.Release|Any CPU.Build.0 = Release|Any CPU
	EndGlobalSection
	GlobalSection(SolutionProperties) = preSolution
		HideSolutionNode = FALSE
	EndGlobalSection
	GlobalSection(ExtensibilityGlobals) = postSolution
		SolutionGuid = {E2D3E9CA-87A3-4495-9B30-DAD4ACEF3437}
	EndGlobalSection
EndGlobal
